
Microsoft Visual Studio Solution File, Format Version 11.00
# Visual Studio 2010
Project("{2150E333-8FDC-42A3-9474-1A3956D46DE8}") = "Engine", "Engine", "{D18DA71B-EAFD-406A-8993-A857D1E9A11C}"
EndProject
Project("{2150E333-8FDC-42A3-9474-1A3956D46DE8}") = "Games", "Games", "{FB03645A-5489-48D0-9A8F-2FACABA51365}"
EndProject
Project("{8BC9CEB8-8B4A-11D0-8D11-00A0C91BC942}") = "Demos", "Demos\Demos.vcxproj", "{37BEEE30-2260-4142-B601-2365EEF85B24}"
EndProject
Project("{8BC9CEB8-8B4A-11D0-8D11-00A0C91BC942}") = "Render", "Render\DCRender.vcxproj", "{B7CAC085-CC8A-4D4C-A09A-BB14C6CD501F}"
EndProject
Project("{8BC9CEB8-8B4A-11D0-8D11-00A0C91BC942}") = "Animation", "Animation\Animation.vcxproj", "{6BF1B184-FCC6-4D5B-8A12-AED7C06EAE60}"
EndProject
Project("{8BC9CEB8-8B4A-11D0-8D11-00A0C91BC942}") = "Core", "Core\Core.vcxproj", "{26C86DB2-9A72-4781-B06C-C1094F28B728}"
EndProject
Project("{8BC9CEB8-8B4A-11D0-8D11-00A0C91BC942}") = "Engine", "Engine\Engine.vcxproj", "{CAAC332F-2DAA-4385-A013-F38B84D7106C}"
EndProject
Global
	GlobalSection(SolutionConfigurationPlatforms) = preSolution
		Debug|Win32 = Debug|Win32
		Release|Win32 = Release|Win32
	EndGlobalSection
	GlobalSection(ProjectConfigurationPlatforms) = postSolution
		{37BEEE30-2260-4142-B601-2365EEF85B24}.Debug|Win32.ActiveCfg = Debug|Win32
		{37BEEE30-2260-4142-B601-2365EEF85B24}.Debug|Win32.Build.0 = Debug|Win32
		{37BEEE30-2260-4142-B601-2365EEF85B24}.Release|Win32.ActiveCfg = Release|Win32
		{37BEEE30-2260-4142-B601-2365EEF85B24}.Release|Win32.Build.0 = Release|Win32
		{B7CAC085-CC8A-4D4C-A09A-BB14C6CD501F}.Debug|Win32.ActiveCfg = Debug|Win32
		{B7CAC085-CC8A-4D4C-A09A-BB14C6CD501F}.Debug|Win32.Build.0 = Debug|Win32
		{B7CAC085-CC8A-4D4C-A09A-BB14C6CD501F}.Release|Win32.ActiveCfg = Release|Win32
		{B7CAC085-CC8A-4D4C-A09A-BB14C6CD501F}.Release|Win32.Build.0 = Release|Win32
		{6BF1B184-FCC6-4D5B-8A12-AED7C06EAE60}.Debug|Win32.ActiveCfg = Debug|Win32
		{6BF1B184-FCC6-4D5B-8A12-AED7C06EAE60}.Debug|Win32.Build.0 = Debug|Win32
		{6BF1B184-FCC6-4D5B-8A12-AED7C06EAE60}.Release|Win32.ActiveCfg = Release|Win32
		{6BF1B184-FCC6-4D5B-8A12-AED7C06EAE60}.Release|Win32.Build.0 = Release|Win32
		{26C86DB2-9A72-4781-B06C-C1094F28B728}.Debug|Win32.ActiveCfg = Debug|Win32
		{26C86DB2-9A72-4781-B06C-C1094F28B728}.Debug|Win32.Build.0 = Debug|Win32
		{26C86DB2-9A72-4781-B06C-C1094F28B728}.Release|Win32.ActiveCfg = Release|Win32
		{26C86DB2-9A72-4781-B06C-C1094F28B728}.Release|Win32.Build.0 = Release|Win32
		{CAAC332F-2DAA-4385-A013-F38B84D7106C}.Debug|Win32.ActiveCfg = Debug|Win32
		{CAAC332F-2DAA-4385-A013-F38B84D7106C}.Debug|Win32.Build.0 = Debug|Win32
		{CAAC332F-2DAA-4385-A013-F38B84D7106C}.Release|Win32.ActiveCfg = Release|Win32
		{CAAC332F-2DAA-4385-A013-F38B84D7106C}.Release|Win32.Build.0 = Release|Win32
	EndGlobalSection
	GlobalSection(SolutionProperties) = preSolution
		HideSolutionNode = FALSE
	EndGlobalSection
	GlobalSection(NestedProjects) = preSolution
		{B7CAC085-CC8A-4D4C-A09A-BB14C6CD501F} = {D18DA71B-EAFD-406A-8993-A857D1E9A11C}
		{6BF1B184-FCC6-4D5B-8A12-AED7C06EAE60} = {D18DA71B-EAFD-406A-8993-A857D1E9A11C}
		{26C86DB2-9A72-4781-B06C-C1094F28B728} = {D18DA71B-EAFD-406A-8993-A857D1E9A11C}
		{CAAC332F-2DAA-4385-A013-F38B84D7106C} = {D18DA71B-EAFD-406A-8993-A857D1E9A11C}
		{37BEEE30-2260-4142-B601-2365EEF85B24} = {FB03645A-5489-48D0-9A8F-2FACABA51365}
	EndGlobalSection
EndGlobal
