
Microsoft Visual Studio Solution File, Format Version 10.00
# Visual Studio 2008
Project("{2150E333-8FDC-42A3-9474-1A3956D46DE8}") = "Games", "Games", "{EB23D101-7D65-42F5-BCA5-2381F0281777}"
EndProject
Project("{2150E333-8FDC-42A3-9474-1A3956D46DE8}") = "Engine", "Engine", "{45695F55-D81D-4E5E-82DD-6A2F8BE5CC28}"
EndProject
Project("{8BC9CEB8-8B4A-11D0-8D11-00A0C91BC942}") = "Core", "Projects\Libraries\Core\Core.vcproj", "{93F61420-AC71-4D86-B567-F3BBC0B71371}"
EndProject
Project("{8BC9CEB8-8B4A-11D0-8D11-00A0C91BC942}") = "Engine", "Projects\Libraries\Engine\Engine.vcproj", "{0CD826EF-722B-40D6-9F7B-E2D8B1F9723E}"
	ProjectSection(ProjectDependencies) = postProject
		{93F61420-AC71-4D86-B567-F3BBC0B71371} = {93F61420-AC71-4D86-B567-F3BBC0B71371}
		{125032FC-5A63-4AAF-903E-C98B3643FBE0} = {125032FC-5A63-4AAF-903E-C98B3643FBE0}
	EndProjectSection
EndProject
Project("{8BC9CEB8-8B4A-11D0-8D11-00A0C91BC942}") = "Graphics", "Projects\Libraries\Graphics\Graphics.vcproj", "{125032FC-5A63-4AAF-903E-C98B3643FBE0}"
	ProjectSection(ProjectDependencies) = postProject
		{93F61420-AC71-4D86-B567-F3BBC0B71371} = {93F61420-AC71-4D86-B567-F3BBC0B71371}
	EndProjectSection
EndProject
Project("{8BC9CEB8-8B4A-11D0-8D11-00A0C91BC942}") = "Game", "Projects\Libraries\Game\Game.vcproj", "{E4C19C3D-855E-4B96-97E7-254D1FE9ED4C}"
	ProjectSection(ProjectDependencies) = postProject
		{93F61420-AC71-4D86-B567-F3BBC0B71371} = {93F61420-AC71-4D86-B567-F3BBC0B71371}
		{0CD826EF-722B-40D6-9F7B-E2D8B1F9723E} = {0CD826EF-722B-40D6-9F7B-E2D8B1F9723E}
		{125032FC-5A63-4AAF-903E-C98B3643FBE0} = {125032FC-5A63-4AAF-903E-C98B3643FBE0}
	EndProjectSection
EndProject
Project("{8BC9CEB8-8B4A-11D0-8D11-00A0C91BC942}") = "TestApp", "Projects\Applications\TestApp\TestApp.vcproj", "{87B3B1C2-B692-49BA-AB74-96057131199B}"
	ProjectSection(ProjectDependencies) = postProject
		{93F61420-AC71-4D86-B567-F3BBC0B71371} = {93F61420-AC71-4D86-B567-F3BBC0B71371}
		{E4C19C3D-855E-4B96-97E7-254D1FE9ED4C} = {E4C19C3D-855E-4B96-97E7-254D1FE9ED4C}
		{0CD826EF-722B-40D6-9F7B-E2D8B1F9723E} = {0CD826EF-722B-40D6-9F7B-E2D8B1F9723E}
		{125032FC-5A63-4AAF-903E-C98B3643FBE0} = {125032FC-5A63-4AAF-903E-C98B3643FBE0}
	EndProjectSection
EndProject
Global
	GlobalSection(SolutionConfigurationPlatforms) = preSolution
		Debug|Win32 = Debug|Win32
		Release|Win32 = Release|Win32
	EndGlobalSection
	GlobalSection(ProjectConfigurationPlatforms) = postSolution
		{93F61420-AC71-4D86-B567-F3BBC0B71371}.Debug|Win32.ActiveCfg = Debug|Win32
		{93F61420-AC71-4D86-B567-F3BBC0B71371}.Debug|Win32.Build.0 = Debug|Win32
		{93F61420-AC71-4D86-B567-F3BBC0B71371}.Release|Win32.ActiveCfg = Release|Win32
		{93F61420-AC71-4D86-B567-F3BBC0B71371}.Release|Win32.Build.0 = Release|Win32
		{0CD826EF-722B-40D6-9F7B-E2D8B1F9723E}.Debug|Win32.ActiveCfg = Debug|Win32
		{0CD826EF-722B-40D6-9F7B-E2D8B1F9723E}.Debug|Win32.Build.0 = Debug|Win32
		{0CD826EF-722B-40D6-9F7B-E2D8B1F9723E}.Release|Win32.ActiveCfg = Release|Win32
		{0CD826EF-722B-40D6-9F7B-E2D8B1F9723E}.Release|Win32.Build.0 = Release|Win32
		{125032FC-5A63-4AAF-903E-C98B3643FBE0}.Debug|Win32.ActiveCfg = Debug|Win32
		{125032FC-5A63-4AAF-903E-C98B3643FBE0}.Debug|Win32.Build.0 = Debug|Win32
		{125032FC-5A63-4AAF-903E-C98B3643FBE0}.Release|Win32.ActiveCfg = Release|Win32
		{125032FC-5A63-4AAF-903E-C98B3643FBE0}.Release|Win32.Build.0 = Release|Win32
		{E4C19C3D-855E-4B96-97E7-254D1FE9ED4C}.Debug|Win32.ActiveCfg = Debug|Win32
		{E4C19C3D-855E-4B96-97E7-254D1FE9ED4C}.Debug|Win32.Build.0 = Debug|Win32
		{E4C19C3D-855E-4B96-97E7-254D1FE9ED4C}.Release|Win32.ActiveCfg = Release|Win32
		{E4C19C3D-855E-4B96-97E7-254D1FE9ED4C}.Release|Win32.Build.0 = Release|Win32
		{87B3B1C2-B692-49BA-AB74-96057131199B}.Debug|Win32.ActiveCfg = Debug|Win32
		{87B3B1C2-B692-49BA-AB74-96057131199B}.Debug|Win32.Build.0 = Debug|Win32
		{87B3B1C2-B692-49BA-AB74-96057131199B}.Release|Win32.ActiveCfg = Release|Win32
		{87B3B1C2-B692-49BA-AB74-96057131199B}.Release|Win32.Build.0 = Release|Win32
	EndGlobalSection
	GlobalSection(SolutionProperties) = preSolution
		HideSolutionNode = FALSE
	EndGlobalSection
	GlobalSection(NestedProjects) = preSolution
		{87B3B1C2-B692-49BA-AB74-96057131199B} = {EB23D101-7D65-42F5-BCA5-2381F0281777}
		{93F61420-AC71-4D86-B567-F3BBC0B71371} = {45695F55-D81D-4E5E-82DD-6A2F8BE5CC28}
		{0CD826EF-722B-40D6-9F7B-E2D8B1F9723E} = {45695F55-D81D-4E5E-82DD-6A2F8BE5CC28}
		{125032FC-5A63-4AAF-903E-C98B3643FBE0} = {45695F55-D81D-4E5E-82DD-6A2F8BE5CC28}
		{E4C19C3D-855E-4B96-97E7-254D1FE9ED4C} = {45695F55-D81D-4E5E-82DD-6A2F8BE5CC28}
	EndGlobalSection
EndGlobal
